
Microsoft Visual Studio Solution File, Format Version 12.00
# Visual Studio Version 17
VisualStudioVersion = 17.9.34723.18
MinimumVisualStudioVersion = 10.0.40219.1
Project("{9A19103F-16F7-4668-BE54-9A1E7A4F7556}") = "ToDoReminder", "ToDoReminder.csproj", "{92E007E0-1931-4670-BA4D-8E73D3E499C6}"
EndProject
Project("{2150E333-8FDC-42A3-9474-1A3956D46DE8}") = "Solution Items", "Solution Items", "{0AF74FDE-69E2-4798-BE2A-26D7B8D78F2A}"
EndProject
Global
	GlobalSection(SolutionConfigurationPlatforms) = preSolution
		Debug|Any CPU = Debug|Any CPU
		Release|Any CPU = Release|Any CPU
	EndGlobalSection
	GlobalSection(ProjectConfigurationPlatforms) = postSolution
		{92E007E0-1931-4670-BA4D-8E73D3E499C6}.Debug|Any CPU.ActiveCfg = Debug|Any CPU
		{92E007E0-1931-4670-BA4D-8E73D3E499C6}.Debug|Any CPU.Build.0 = Debug|Any CPU
		{92E007E0-1931-4670-BA4D-8E73D3E499C6}.Release|Any CPU.ActiveCfg = Release|Any CPU
		{92E007E0-1931-4670-BA4D-8E73D3E499C6}.Release|Any CPU.Build.0 = Release|Any CPU
	EndGlobalSection
	GlobalSection(SolutionProperties) = preSolution
		HideSolutionNode = FALSE
	EndGlobalSection
	GlobalSection(ExtensibilityGlobals) = postSolution
		SolutionGuid = {7495418C-ABEC-4D8A-A761-ACE7285BA02E}
	EndGlobalSection
EndGlobal
